lockfileVersion: 5.3

specifiers:
  add: ^2.0.6
  iconsax-react: ^0.0.8
  prettier: ^2.6.2
  turbo: ^1.2.1
  yarn: ^1.22.18

dependencies:
  add: 2.0.6
  iconsax-react: 0.0.8
  yarn: 1.22.18

devDependencies:
  prettier: 2.6.2
  turbo: 1.2.1

packages:

  /add/2.0.6:
    resolution: {integrity: sha1-JI8Kn25aUo7yKV2+7DBTITCuIjU=}
    dev: false

  /iconsax-react/0.0.8:
    resolution: {integrity: sha512-l3dVk4zGtkkJHgvNYqAf0wDKqnKxXykee5/DoESGo2JvSYwaxajJUHSX2YrPRXSov8Hd8ClGFwJxCEaEjrFD1Q==}
    peerDependencies:
      react: '*'
    dependencies:
      prop-types: 15.8.1
    dev: false

  /js-tokens/4.0.0:
    resolution: {integrity: sha512-RdJUflcE3cUzKiMqQgsCu06FPu9UdIJO0beYbPhHN4k6apgJtifcoCtT9bcxOpYBtpD2kCM6Sbzg4CausW/PKQ==}
    dev: false

  /loose-envify/1.4.0:
    resolution: {integrity: sha512-lyuxPGr/Wfhrlem2CL/UcnUc1zcqKAImBDzukY7Y5F/yQiNdko6+fRLevlw1HgMySw7f611UIY408EtxRSoK3Q==}
    hasBin: true
    dependencies:
      js-tokens: 4.0.0
    dev: false

  /object-assign/4.1.1:
    resolution: {integrity: sha1-IQmtx5ZYh8/AXLvUQsrIv7s2CGM=}
    engines: {node: '>=0.10.0'}
    dev: false

  /prettier/2.6.2:
    resolution: {integrity: sha512-PkUpF+qoXTqhOeWL9fu7As8LXsIUZ1WYaJiY/a7McAQzxjk82OF0tibkFXVCDImZtWxbvojFjerkiLb0/q8mew==}
    engines: {node: '>=10.13.0'}
    hasBin: true
    dev: true

  /prop-types/15.8.1:
    resolution: {integrity: sha512-oj87CgZICdulUohogVAR7AjlC0327U4el4L6eAvOqCeudMDVU0NThNaV+b9Df4dXgSP1gXMTnPdhfe/2qDH5cg==}
    dependencies:
      loose-envify: 1.4.0
      object-assign: 4.1.1
      react-is: 16.13.1
    dev: false

  /react-is/16.13.1:
    resolution: {integrity: sha512-24e6ynE2H+OKt4kqsOvNd8kBpV65zoxbA4BVsEOB3ARVWQki/DHzaUoC5KuON/BiccDaCCTZBuOcfZs70kR8bQ==}
    dev: false

  /turbo-darwin-64/1.2.1:
    resolution: {integrity: sha512-NZgrrFF4xJ73CRbIqQXwAfKF5AFEOeM79palpPjJJUXWX8o3KxW/VcrheAryh+aAaEBitaDy8stKgViI/6l1SQ==}
    cpu: [x64]
    os: [darwin]
    requiresBuild: true
    dev: true
    optional: true

  /turbo-darwin-arm64/1.2.1:
    resolution: {integrity: sha512-NzWeE+rZJLEkbMpRpnHNn7R/qqamCRRUUxPWD2z4uuZFXkpMzUVX/PCqy05wPT2IVbcJQn20rojEMwr+oJRxHg==}
    cpu: [arm64]
    os: [darwin]
    requiresBuild: true
    dev: true
    optional: true

  /turbo-freebsd-64/1.2.1:
    resolution: {integrity: sha512-Y/V8swwuiesAWYU9pu7yPhTQhHnrZEFQq/oCDNQVkUK7SEHAu+UmMaDzSBwk+sg6JWVTkpcXX1yMUFDpfF43cg==}
    cpu: [x64]
    os: [freebsd]
    requiresBuild: true
    dev: true
    optional: true

  /turbo-freebsd-arm64/1.2.1:
    resolution: {integrity: sha512-ielxsQ0nM6/XCzopNk55rNryFCr3tHowhukteTmfOpgWsT2bDyP/PZUyMTIEtLoaoy2pDr4R+9Wf+db9xDtWQw==}
    cpu: [arm64]
    os: [freebsd]
    requiresBuild: true
    dev: true
    optional: true

  /turbo-linux-32/1.2.1:
    resolution: {integrity: sha512-xQunD8jrkhzPq4miY8p65elUJIqRpyCrJSWukX73m3SpibQPVSQ8BNELEQzeJBjPTcEI2dFSsoAI7Z1NHDX/Pw==}
    cpu: [ia32]
    os: [linux]
    requiresBuild: true
    dev: true
    optional: true

  /turbo-linux-64/1.2.1:
    resolution: {integrity: sha512-vae1Y7VxumzityRH4ddaj0VEjIg3qbq6tV3TylOaacXvwIijrCVquG5otx9KXEajqzcwuu9+yp5348fUGA/Vxg==}
    cpu: [x64]
    os: [linux]
    requiresBuild: true
    dev: true
    optional: true

  /turbo-linux-arm/1.2.1:
    resolution: {integrity: sha512-8eKOw1OvD4e+vg9jg02gI9Y+rrJQfwMLaiUkIZTqvWjs7PytfmhtneaA08QkfMY/rksD5uPSx9sPE9MPYJtfxw==}
    cpu: [arm]
    os: [linux]
    requiresBuild: true
    dev: true
    optional: true

  /turbo-linux-arm64/1.2.1:
    resolution: {integrity: sha512-cNRboXg4kbuoj7J4q3yje+COravXlga7FFZsM0onZNhSai0dYTGXayxOOCVKdN/IfxSG37A0jL0fk7vDyerRZg==}
    cpu: [arm64]
    os: [linux]
    requiresBuild: true
    dev: true
    optional: true

  /turbo-linux-mips64le/1.2.1:
    resolution: {integrity: sha512-q4gXn09AriapgANzFgIdUzqB45CB6VqqvEAf8uZ4y8I91dEP562op4pp/D59bFAx7GgCZdFfvEc0KCE/5I+0UA==}
    cpu: [mips64el]
    os: [linux]
    requiresBuild: true
    dev: true
    optional: true

  /turbo-linux-ppc64le/1.2.1:
    resolution: {integrity: sha512-xWaPfFNU/x2SqDkeQTwh7qJt0Ev/YUiKxcCTZDQbUykjVTC/6beD+DvqcFqsispYqZyRY5U/71EhlZLnHcIbFw==}
    cpu: [ppc64]
    os: [linux]
    requiresBuild: true
    dev: true
    optional: true

  /turbo-windows-32/1.2.1:
    resolution: {integrity: sha512-BHu0qRKVHztgvzNc3Nq1B8/psYaldY3y0aYVRb1Kb+RNrmhyeYVfC5+4L4ez0AxuLlb2bc0BOrvPjiEkgv/uLA==}
    cpu: [ia32]
    os: [win32]
    requiresBuild: true
    dev: true
    optional: true

  /turbo-windows-64/1.2.1:
    resolution: {integrity: sha512-/l5j4pdKek1Q1qSj5xidVCDsU26hTo23oMmck/XEcbTOcnde9D+Y7pf5+RsmhtWEhP/yLGv3zUTYyRMf1Ahumw==}
    cpu: [x64]
    os: [win32]
    requiresBuild: true
    dev: true
    optional: true

  /turbo/1.2.1:
    resolution: {integrity: sha512-k9j1xMGqNoSkeaCkbPOlGJFxsgYKG9TMg82o6LuiUerJtJ5sCwDwBD7QVy/RkngMGOAKeMLhx+OuzLFwa5nHgQ==}
    hasBin: true
    requiresBuild: true
    optionalDependencies:
      turbo-darwin-64: 1.2.1
      turbo-darwin-arm64: 1.2.1
      turbo-freebsd-64: 1.2.1
      turbo-freebsd-arm64: 1.2.1
      turbo-linux-32: 1.2.1
      turbo-linux-64: 1.2.1
      turbo-linux-arm: 1.2.1
      turbo-linux-arm64: 1.2.1
      turbo-linux-mips64le: 1.2.1
      turbo-linux-ppc64le: 1.2.1
      turbo-windows-32: 1.2.1
      turbo-windows-64: 1.2.1
    dev: true

  /yarn/1.22.18:
    resolution: {integrity: sha512-oFffv6Jp2+BTUBItzx1Z0dpikTX+raRdqupfqzeMKnoh7WD6RuPAxcqDkMUy9vafJkrB0YaV708znpuMhEBKGQ==}
    engines: {node: '>=4.0.0'}
    hasBin: true
    requiresBuild: true
    dev: false
